
Microsoft Visual Studio Solution File, Format Version 12.00
# Visual Studio 15
VisualStudioVersion = 15.0.28307.1062
MinimumVisualStudioVersion = 10.0.40219.1
Project("{FAE04EC0-301F-11D3-BF4B-00C04F79EFBC}") = "WindowsFormsTASTS2", "WindowsFormsTASTS2\WindowsFormsTASTS2.csproj", "{4D452CC2-B3F8-4166-89D1-6375686966FB}"
EndProject
Global
	GlobalSection(SolutionConfigurationPlatforms) = preSolution
		Debug|Any CPU = Debug|Any CPU
		Release|Any CPU = Release|Any CPU
	EndGlobalSection
	GlobalSection(ProjectConfigurationPlatforms) = postSolution
		{4D452CC2-B3F8-4166-89D1-6375686966FB}.Debug|Any CPU.ActiveCfg = Debug|Any CPU
		{4D452CC2-B3F8-4166-89D1-6375686966FB}.Debug|Any CPU.Build.0 = Debug|Any CPU
		{4D452CC2-B3F8-4166-89D1-6375686966FB}.Release|Any CPU.ActiveCfg = Release|Any CPU
		{4D452CC2-B3F8-4166-89D1-6375686966FB}.Release|Any CPU.Build.0 = Release|Any CPU
	EndGlobalSection
	GlobalSection(SolutionProperties) = preSolution
		HideSolutionNode = FALSE
	EndGlobalSection
	GlobalSection(ExtensibilityGlobals) = postSolution
		SolutionGuid = {5BA7D880-A7EE-47DC-9050-4F97851A19ED}
	EndGlobalSection
EndGlobal
