
Microsoft Visual Studio Solution File, Format Version 12.00
# Visual Studio 15
VisualStudioVersion = 15.0.28307.1062
MinimumVisualStudioVersion = 10.0.40219.1
Project("{FAE04EC0-301F-11D3-BF4B-00C04F79EFBC}") = "Study_string", "CSharpStudy2\Study_string.csproj", "{CCC9FE3D-2AFE-400E-B3FF-0929A76E7235}"
EndProject
Global
	GlobalSection(SolutionConfigurationPlatforms) = preSolution
		Debug|Any CPU = Debug|Any CPU
		Release|Any CPU = Release|Any CPU
	EndGlobalSection
	GlobalSection(ProjectConfigurationPlatforms) = postSolution
		{CCC9FE3D-2AFE-400E-B3FF-0929A76E7235}.Debug|Any CPU.ActiveCfg = Debug|Any CPU
		{CCC9FE3D-2AFE-400E-B3FF-0929A76E7235}.Debug|Any CPU.Build.0 = Debug|Any CPU
		{CCC9FE3D-2AFE-400E-B3FF-0929A76E7235}.Release|Any CPU.ActiveCfg = Release|Any CPU
		{CCC9FE3D-2AFE-400E-B3FF-0929A76E7235}.Release|Any CPU.Build.0 = Release|Any CPU
	EndGlobalSection
	GlobalSection(SolutionProperties) = preSolution
		HideSolutionNode = FALSE
	EndGlobalSection
	GlobalSection(ExtensibilityGlobals) = postSolution
		SolutionGuid = {909DF4B4-198B-4963-BE18-6CDDFA3A6C02}
	EndGlobalSection
EndGlobal
