
Microsoft Visual Studio Solution File, Format Version 12.00
# Visual Studio 15
VisualStudioVersion = 15.0.28307.1062
MinimumVisualStudioVersion = 10.0.40219.1
Project("{FAE04EC0-301F-11D3-BF4B-00C04F79EFBC}") = "Method", "Method\Method.csproj", "{E75F2EB9-DF64-4693-A9AB-F4808B49FBC5}"
EndProject
Global
	GlobalSection(SolutionConfigurationPlatforms) = preSolution
		Debug|Any CPU = Debug|Any CPU
		Release|Any CPU = Release|Any CPU
	EndGlobalSection
	GlobalSection(ProjectConfigurationPlatforms) = postSolution
		{E75F2EB9-DF64-4693-A9AB-F4808B49FBC5}.Debug|Any CPU.ActiveCfg = Debug|Any CPU
		{E75F2EB9-DF64-4693-A9AB-F4808B49FBC5}.Debug|Any CPU.Build.0 = Debug|Any CPU
		{E75F2EB9-DF64-4693-A9AB-F4808B49FBC5}.Release|Any CPU.ActiveCfg = Release|Any CPU
		{E75F2EB9-DF64-4693-A9AB-F4808B49FBC5}.Release|Any CPU.Build.0 = Release|Any CPU
	EndGlobalSection
	GlobalSection(SolutionProperties) = preSolution
		HideSolutionNode = FALSE
	EndGlobalSection
	GlobalSection(ExtensibilityGlobals) = postSolution
		SolutionGuid = {113FF23F-AB9D-4421-8322-C13801E18103}
	EndGlobalSection
EndGlobal
