
Microsoft Visual Studio Solution File, Format Version 12.00
# Visual Studio 15
VisualStudioVersion = 15.0.28307.1062
MinimumVisualStudioVersion = 10.0.40219.1
Project("{FAE04EC0-301F-11D3-BF4B-00C04F79EFBC}") = "8 if_switch", "8 if_switch\8 if_switch.csproj", "{2645D36E-2452-4CAF-A032-E8AE0A8368CE}"
EndProject
Global
	GlobalSection(SolutionConfigurationPlatforms) = preSolution
		Debug|Any CPU = Debug|Any CPU
		Release|Any CPU = Release|Any CPU
	EndGlobalSection
	GlobalSection(ProjectConfigurationPlatforms) = postSolution
		{2645D36E-2452-4CAF-A032-E8AE0A8368CE}.Debug|Any CPU.ActiveCfg = Debug|Any CPU
		{2645D36E-2452-4CAF-A032-E8AE0A8368CE}.Debug|Any CPU.Build.0 = Debug|Any CPU
		{2645D36E-2452-4CAF-A032-E8AE0A8368CE}.Release|Any CPU.ActiveCfg = Release|Any CPU
		{2645D36E-2452-4CAF-A032-E8AE0A8368CE}.Release|Any CPU.Build.0 = Release|Any CPU
	EndGlobalSection
	GlobalSection(SolutionProperties) = preSolution
		HideSolutionNode = FALSE
	EndGlobalSection
	GlobalSection(ExtensibilityGlobals) = postSolution
		SolutionGuid = {943F15A8-C3A1-407F-8EEF-F172695BFC0E}
	EndGlobalSection
EndGlobal
